// !$*UTF8*$!
{
	archiveVersion = 1;
	classes = {
	};
	objectVersion = 46;
	objects = {

/* Begin PBXBuildFile section */
		19294B6A1CCB4CA7007D6240 /* MyProfileViewController.swift in Sources */ = {isa = PBXBuildFile; fileRef = 19294B691CCB4CA6007D6240 /* MyProfileViewController.swift */; };
		19DEDBAF1CCA000B00F79E47 /* User.swift in Sources */ = {isa = PBXBuildFile; fileRef = 19DEDBAE1CCA000B00F79E47 /* User.swift */; };
		19F3E72C1CCCC78A00601A4C /* EditProfileViewController.swift in Sources */ = {isa = PBXBuildFile; fileRef = 19F3E72B1CCCC78A00601A4C /* EditProfileViewController.swift */; };
		7867DB3EC1FCBF50F54BDA23 /* Pods_ios_instagram.framework in Frameworks */ = {isa = PBXBuildFile; fileRef = F62BE3F0933BC122C136A46E /* Pods_ios_instagram.framework */; };
		B9ACF5781CCA11C600D6EB3B /* SignUpViewController.swift in Sources */ = {isa = PBXBuildFile; fileRef = B9ACF5771CCA11C600D6EB3B /* SignUpViewController.swift */; };
		B9C0A5481CC9E0FB00E30EF1 /* AppDelegate.swift in Sources */ = {isa = PBXBuildFile; fileRef = B9C0A5471CC9E0FB00E30EF1 /* AppDelegate.swift */; };
		B9C0A54A1CC9E0FB00E30EF1 /* LoginViewController.swift in Sources */ = {isa = PBXBuildFile; fileRef = B9C0A5491CC9E0FB00E30EF1 /* LoginViewController.swift */; };
		B9C0A54D1CC9E0FB00E30EF1 /* Main.storyboard in Resources */ = {isa = PBXBuildFile; fileRef = B9C0A54B1CC9E0FB00E30EF1 /* Main.storyboard */; };
		B9C0A54F1CC9E0FB00E30EF1 /* Assets.xcassets in Resources */ = {isa = PBXBuildFile; fileRef = B9C0A54E1CC9E0FB00E30EF1 /* Assets.xcassets */; };
		B9C0A5521CC9E0FB00E30EF1 /* LaunchScreen.storyboard in Resources */ = {isa = PBXBuildFile; fileRef = B9C0A5501CC9E0FB00E30EF1 /* LaunchScreen.storyboard */; };
		B9C0A55C1CC9E12D00E30EF1 /* TabRouting.storyboard in Resources */ = {isa = PBXBuildFile; fileRef = B9C0A55B1CC9E12D00E30EF1 /* TabRouting.storyboard */; };
		B9C0A55E1CC9E1FF00E30EF1 /* Constants.swift in Sources */ = {isa = PBXBuildFile; fileRef = B9C0A55D1CC9E1FF00E30EF1 /* Constants.swift */; };
		B9C0A5611CC9E24100E30EF1 /* DataServices.swift in Sources */ = {isa = PBXBuildFile; fileRef = B9C0A5601CC9E24100E30EF1 /* DataServices.swift */; };
		B9C0A5641CC9ECA900E30EF1 /* UploadingImages.storyboard in Resources */ = {isa = PBXBuildFile; fileRef = B9C0A5631CC9ECA900E30EF1 /* UploadingImages.storyboard */; };
		B9C0A56A1CC9F43300E30EF1 /* HomeViewController.swift in Sources */ = {isa = PBXBuildFile; fileRef = B9C0A5691CC9F43300E30EF1 /* HomeViewController.swift */; };
		B9C0A56E1CC9FC6600E30EF1 /* GalleryViewController.swift in Sources */ = {isa = PBXBuildFile; fileRef = B9C0A56D1CC9FC6600E30EF1 /* GalleryViewController.swift */; };
/* End PBXBuildFile section */

/* Begin PBXFileReference section */
		19294B691CCB4CA6007D6240 /* MyProfileViewController.swift */ = {isa = PBXFileReference; fileEncoding = 4; lastKnownFileType = sourcecode.swift; path = MyProfileViewController.swift; sourceTree = "<group>"; };
		19DEDBAE1CCA000B00F79E47 /* User.swift */ = {isa = PBXFileReference; fileEncoding = 4; lastKnownFileType = sourcecode.swift; path = User.swift; sourceTree = "<group>"; };
		19F3E72B1CCCC78A00601A4C /* EditProfileViewController.swift */ = {isa = PBXFileReference; fileEncoding = 4; lastKnownFileType = sourcecode.swift; path = EditProfileViewController.swift; sourceTree = "<group>"; };
		81866433A10A031594ED900A /* Pods-ios_instagram.debug.xcconfig */ = {isa = PBXFileReference; includeInIndex = 1; lastKnownFileType = text.xcconfig; name = "Pods-ios_instagram.debug.xcconfig"; path = "Pods/Target Support Files/Pods-ios_instagram/Pods-ios_instagram.debug.xcconfig"; sourceTree = "<group>"; };
		B9ACF5771CCA11C600D6EB3B /* SignUpViewController.swift */ = {isa = PBXFileReference; fileEncoding = 4; lastKnownFileType = sourcecode.swift; path = SignUpViewController.swift; sourceTree = "<group>"; };
		B9C0A5441CC9E0FB00E30EF1 /* ios_instagram.app */ = {isa = PBXFileReference; explicitFileType = wrapper.application; includeInIndex = 0; path = ios_instagram.app; sourceTree = BUILT_PRODUCTS_DIR; };
		B9C0A5471CC9E0FB00E30EF1 /* AppDelegate.swift */ = {isa = PBXFileReference; lastKnownFileType = sourcecode.swift; path = AppDelegate.swift; sourceTree = "<group>"; };
		B9C0A5491CC9E0FB00E30EF1 /* LoginViewController.swift */ = {isa = PBXFileReference; lastKnownFileType = sourcecode.swift; path = LoginViewController.swift; sourceTree = "<group>"; };
		B9C0A54C1CC9E0FB00E30EF1 /* Base */ = {isa = PBXFileReference; lastKnownFileType = file.storyboard; name = Base; path = Base.lproj/Main.storyboard; sourceTree = "<group>"; };
		B9C0A54E1CC9E0FB00E30EF1 /* Assets.xcassets */ = {isa = PBXFileReference; lastKnownFileType = folder.assetcatalog; path = Assets.xcassets; sourceTree = "<group>"; };
		B9C0A5511CC9E0FB00E30EF1 /* Base */ = {isa = PBXFileReference; lastKnownFileType = file.storyboard; name = Base; path = Base.lproj/LaunchScreen.storyboard; sourceTree = "<group>"; };
		B9C0A5531CC9E0FB00E30EF1 /* Info.plist */ = {isa = PBXFileReference; lastKnownFileType = text.plist.xml; path = Info.plist; sourceTree = "<group>"; };
		B9C0A55B1CC9E12D00E30EF1 /* TabRouting.storyboard */ = {isa = PBXFileReference; fileEncoding = 4; lastKnownFileType = file.storyboard; name = TabRouting.storyboard; path = ../TabRouting.storyboard; sourceTree = "<group>"; };
		B9C0A55D1CC9E1FF00E30EF1 /* Constants.swift */ = {isa = PBXFileReference; fileEncoding = 4; lastKnownFileType = sourcecode.swift; path = Constants.swift; sourceTree = "<group>"; };
		B9C0A5601CC9E24100E30EF1 /* DataServices.swift */ = {isa = PBXFileReference; fileEncoding = 4; lastKnownFileType = sourcecode.swift; path = DataServices.swift; sourceTree = "<group>"; };
		B9C0A5631CC9ECA900E30EF1 /* UploadingImages.storyboard */ = {isa = PBXFileReference; fileEncoding = 4; lastKnownFileType = file.storyboard; path = UploadingImages.storyboard; sourceTree = "<group>"; };
		B9C0A5691CC9F43300E30EF1 /* HomeViewController.swift */ = {isa = PBXFileReference; fileEncoding = 4; lastKnownFileType = sourcecode.swift; path = HomeViewController.swift; sourceTree = "<group>"; };
		B9C0A56D1CC9FC6600E30EF1 /* GalleryViewController.swift */ = {isa = PBXFileReference; fileEncoding = 4; lastKnownFileType = sourcecode.swift; path = GalleryViewController.swift; sourceTree = "<group>"; };
		ED0698F7865D8F2BEDCD1407 /* Pods-ios_instagram.release.xcconfig */ = {isa = PBXFileReference; includeInIndex = 1; lastKnownFileType = text.xcconfig; name = "Pods-ios_instagram.release.xcconfig"; path = "Pods/Target Support Files/Pods-ios_instagram/Pods-ios_instagram.release.xcconfig"; sourceTree = "<group>"; };
		F62BE3F0933BC122C136A46E /* Pods_ios_instagram.framework */ = {isa = PBXFileReference; explicitFileType = wrapper.framework; includeInIndex = 0; path = Pods_ios_instagram.framework; sourceTree = BUILT_PRODUCTS_DIR; };
/* End PBXFileReference section */

/* Begin PBXFrameworksBuildPhase section */
		B9C0A5411CC9E0FB00E30EF1 /* Frameworks */ = {
			isa = PBXFrameworksBuildPhase;
			buildActionMask = 2147483647;
			files = (
				7867DB3EC1FCBF50F54BDA23 /* Pods_ios_instagram.framework in Frameworks */,
			);
			runOnlyForDeploymentPostprocessing = 0;
		};
/* End PBXFrameworksBuildPhase section */

/* Begin PBXGroup section */
		19DEDBB01CCA001000F79E47 /* Models */ = {
			isa = PBXGroup;
			children = (
				19DEDBAE1CCA000B00F79E47 /* User.swift */,
			);
			name = Models;
			sourceTree = "<group>";
		};
		7BDC097B2D3C15F05D3A4926 /* Pods */ = {
			isa = PBXGroup;
			children = (
				81866433A10A031594ED900A /* Pods-ios_instagram.debug.xcconfig */,
				ED0698F7865D8F2BEDCD1407 /* Pods-ios_instagram.release.xcconfig */,
			);
			name = Pods;
			sourceTree = "<group>";
		};
		B6B0BF88DC2324B82D6B8BCB /* Frameworks */ = {
			isa = PBXGroup;
			children = (
				F62BE3F0933BC122C136A46E /* Pods_ios_instagram.framework */,
			);
			name = Frameworks;
			sourceTree = "<group>";
		};
		B9C0A53B1CC9E0FB00E30EF1 = {
			isa = PBXGroup;
			children = (
				B9C0A5461CC9E0FB00E30EF1 /* ios_instagram */,
				B9C0A5451CC9E0FB00E30EF1 /* Products */,
				7BDC097B2D3C15F05D3A4926 /* Pods */,
				B6B0BF88DC2324B82D6B8BCB /* Frameworks */,
			);
			sourceTree = "<group>";
		};
		B9C0A5451CC9E0FB00E30EF1 /* Products */ = {
			isa = PBXGroup;
			children = (
				B9C0A5441CC9E0FB00E30EF1 /* ios_instagram.app */,
			);
			name = Products;
			sourceTree = "<group>";
		};
		B9C0A5461CC9E0FB00E30EF1 /* ios_instagram */ = {
			isa = PBXGroup;
			children = (
				B9C0A5621CC9E2C200E30EF1 /* Utilities */,
				19DEDBB01CCA001000F79E47 /* Models */,
				B9C0A56B1CC9F43F00E30EF1 /* Controllers */,
				B9C0A55F1CC9E22A00E30EF1 /* Constants */,
				B9C0A56C1CC9F47500E30EF1 /* Storyboards */,
				B9C0A54E1CC9E0FB00E30EF1 /* Assets.xcassets */,
				B9C0A5531CC9E0FB00E30EF1 /* Info.plist */,
			);
			path = ios_instagram;
			sourceTree = "<group>";
		};
		B9C0A55F1CC9E22A00E30EF1 /* Constants */ = {
			isa = PBXGroup;
			children = (
				B9C0A55D1CC9E1FF00E30EF1 /* Constants.swift */,
			);
			name = Constants;
			sourceTree = "<group>";
		};
		B9C0A5621CC9E2C200E30EF1 /* Utilities */ = {
			isa = PBXGroup;
			children = (
				B9C0A5471CC9E0FB00E30EF1 /* AppDelegate.swift */,
				B9C0A5601CC9E24100E30EF1 /* DataServices.swift */,
			);
			name = Utilities;
			sourceTree = "<group>";
		};
		B9C0A56B1CC9F43F00E30EF1 /* Controllers */ = {
			isa = PBXGroup;
			children = (
				B9ACF5771CCA11C600D6EB3B /* SignUpViewController.swift */,
				19294B691CCB4CA6007D6240 /* MyProfileViewController.swift */,
				19F3E72B1CCCC78A00601A4C /* EditProfileViewController.swift */,
				B9C0A5491CC9E0FB00E30EF1 /* LoginViewController.swift */,
				B9C0A56D1CC9FC6600E30EF1 /* GalleryViewController.swift */,
				B9C0A5691CC9F43300E30EF1 /* HomeViewController.swift */,
			);
			name = Controllers;
			sourceTree = "<group>";
		};
		B9C0A56C1CC9F47500E30EF1 /* Storyboards */ = {
			isa = PBXGroup;
			children = (
				B9C0A55B1CC9E12D00E30EF1 /* TabRouting.storyboard */,
				B9C0A5631CC9ECA900E30EF1 /* UploadingImages.storyboard */,
				B9C0A54B1CC9E0FB00E30EF1 /* Main.storyboard */,
				B9C0A5501CC9E0FB00E30EF1 /* LaunchScreen.storyboard */,
			);
			name = Storyboards;
			sourceTree = "<group>";
		};
/* End PBXGroup section */

/* Begin PBXNativeTarget section */
		B9C0A5431CC9E0FB00E30EF1 /* ios_instagram */ = {
			isa = PBXNativeTarget;
			buildConfigurationList = B9C0A5561CC9E0FB00E30EF1 /* Build configuration list for PBXNativeTarget "ios_instagram" */;
			buildPhases = (
				485F05983E9B786E8D581BAE /* Check Pods Manifest.lock */,
				B9C0A5401CC9E0FB00E30EF1 /* Sources */,
				B9C0A5411CC9E0FB00E30EF1 /* Frameworks */,
				B9C0A5421CC9E0FB00E30EF1 /* Resources */,
				443CEFC25E7CBF1E0F352D79 /* Embed Pods Frameworks */,
				FF5B49F2A67065175F4F231E /* Copy Pods Resources */,
			);
			buildRules = (
			);
			dependencies = (
			);
			name = ios_instagram;
			productName = ios_instagram;
			productReference = B9C0A5441CC9E0FB00E30EF1 /* ios_instagram.app */;
			productType = "com.apple.product-type.application";
		};
/* End PBXNativeTarget section */

/* Begin PBXProject section */
		B9C0A53C1CC9E0FB00E30EF1 /* Project object */ = {
			isa = PBXProject;
			attributes = {
				LastSwiftUpdateCheck = 0730;
				LastUpgradeCheck = 0730;
				ORGANIZATIONNAME = NEXTACADEMY;
				TargetAttributes = {
					B9C0A5431CC9E0FB00E30EF1 = {
						CreatedOnToolsVersion = 7.3;
						DevelopmentTeam = VWX3JCB956;
					};
				};
			};
			buildConfigurationList = B9C0A53F1CC9E0FB00E30EF1 /* Build configuration list for PBXProject "ios_instagram" */;
			compatibilityVersion = "Xcode 3.2";
			developmentRegion = English;
			hasScannedForEncodings = 0;
			knownRegions = (
				en,
				Base,
			);
			mainGroup = B9C0A53B1CC9E0FB00E30EF1;
			productRefGroup = B9C0A5451CC9E0FB00E30EF1 /* Products */;
			projectDirPath = "";
			projectRoot = "";
			targets = (
				B9C0A5431CC9E0FB00E30EF1 /* ios_instagram */,
			);
		};
/* End PBXProject section */

/* Begin PBXResourcesBuildPhase section */
		B9C0A5421CC9E0FB00E30EF1 /* Resources */ = {
			isa = PBXResourcesBuildPhase;
			buildActionMask = 2147483647;
			files = (
				B9C0A5521CC9E0FB00E30EF1 /* LaunchScreen.storyboard in Resources */,
				B9C0A54F1CC9E0FB00E30EF1 /* Assets.xcassets in Resources */,
				B9C0A54D1CC9E0FB00E30EF1 /* Main.storyboard in Resources */,
				B9C0A5641CC9ECA900E30EF1 /* UploadingImages.storyboard in Resources */,
				B9C0A55C1CC9E12D00E30EF1 /* TabRouting.storyboard in Resources */,
			);
			runOnlyForDeploymentPostprocessing = 0;
		};
/* End PBXResourcesBuildPhase section */

/* Begin PBXShellScriptBuildPhase section */
		443CEFC25E7CBF1E0F352D79 /* Embed Pods Frameworks */ = {
			isa = PBXShellScriptBuildPhase;
			buildActionMask = 2147483647;
			files = (
			);
			inputPaths = (
			);
			name = "Embed Pods Frameworks";
			outputPaths = (
			);
			runOnlyForDeploymentPostprocessing = 0;
			shellPath = /bin/sh;
			shellScript = "\"${SRCROOT}/Pods/Target Support Files/Pods-ios_instagram/Pods-ios_instagram-frameworks.sh\"\n";
			showEnvVarsInLog = 0;
		};
		485F05983E9B786E8D581BAE /* Check Pods Manifest.lock */ = {
			isa = PBXShellScriptBuildPhase;
			buildActionMask = 2147483647;
			files = (
			);
			inputPaths = (
			);
			name = "Check Pods Manifest.lock";
			outputPaths = (
			);
			runOnlyForDeploymentPostprocessing = 0;
			shellPath = /bin/sh;
			shellScript = "diff \"${PODS_ROOT}/../Podfile.lock\" \"${PODS_ROOT}/Manifest.lock\" > /dev/null\nif [[ $? != 0 ]] ; then\n    cat << EOM\nerror: The sandbox is not in sync with the Podfile.lock. Run 'pod install' or update your CocoaPods installation.\nEOM\n    exit 1\nfi\n";
			showEnvVarsInLog = 0;
		};
		FF5B49F2A67065175F4F231E /* Copy Pods Resources */ = {
			isa = PBXShellScriptBuildPhase;
			buildActionMask = 2147483647;
			files = (
			);
			inputPaths = (
			);
			name = "Copy Pods Resources";
			outputPaths = (
			);
			runOnlyForDeploymentPostprocessing = 0;
			shellPath = /bin/sh;
			shellScript = "\"${SRCROOT}/Pods/Target Support Files/Pods-ios_instagram/Pods-ios_instagram-resources.sh\"\n";
			showEnvVarsInLog = 0;
		};
/* End PBXShellScriptBuildPhase section */

/* Begin PBXSourcesBuildPhase section */
		B9C0A5401CC9E0FB00E30EF1 /* Sources */ = {
			isa = PBXSourcesBuildPhase;
			buildActionMask = 2147483647;
			files = (
				B9C0A56A1CC9F43300E30EF1 /* HomeViewController.swift in Sources */,
				B9C0A54A1CC9E0FB00E30EF1 /* LoginViewController.swift in Sources */,
				B9ACF5781CCA11C600D6EB3B /* SignUpViewController.swift in Sources */,
				19294B6A1CCB4CA7007D6240 /* MyProfileViewController.swift in Sources */,
				B9C0A5481CC9E0FB00E30EF1 /* AppDelegate.swift in Sources */,
				B9C0A56E1CC9FC6600E30EF1 /* GalleryViewController.swift in Sources */,
				B9C0A55E1CC9E1FF00E30EF1 /* Constants.swift in Sources */,
				19DEDBAF1CCA000B00F79E47 /* User.swift in Sources */,
				19F3E72C1CCCC78A00601A4C /* EditProfileViewController.swift in Sources */,
				B9C0A5611CC9E24100E30EF1 /* DataServices.swift in Sources */,
			);
			runOnlyForDeploymentPostprocessing = 0;
		};
/* End PBXSourcesBuildPhase section */

/* Begin PBXVariantGroup section */
		B9C0A54B1CC9E0FB00E30EF1 /* Main.storyboard */ = {
			isa = PBXVariantGroup;
			children = (
				B9C0A54C1CC9E0FB00E30EF1 /* Base */,
			);
			name = Main.storyboard;
			sourceTree = "<group>";
		};
		B9C0A5501CC9E0FB00E30EF1 /* LaunchScreen.storyboard */ = {
			isa = PBXVariantGroup;
			children = (
				B9C0A5511CC9E0FB00E30EF1 /* Base */,
			);
			name = LaunchScreen.storyboard;
			sourceTree = "<group>";
		};
/* End PBXVariantGroup section */

/* Begin XCBuildConfiguration section */
		B9C0A5541CC9E0FB00E30EF1 /* Debug */ = {
			isa = XCBuildConfiguration;
			buildSettings = {
				ALWAYS_SEARCH_USER_PATHS = NO;
				CLANG_ANALYZER_NONNULL = YES;
				CLANG_CXX_LANGUAGE_STANDARD = "gnu++0x";
				CLANG_CXX_LIBRARY = "libc++";
				CLANG_ENABLE_MODULES = YES;
				CLANG_ENABLE_OBJC_ARC = YES;
				CLANG_WARN_BOOL_CONVERSION = YES;
				CLANG_WARN_CONSTANT_CONVERSION = YES;
				CLANG_WARN_DIRECT_OBJC_ISA_USAGE = YES_ERROR;
				CLANG_WARN_EMPTY_BODY = YES;
				CLANG_WARN_ENUM_CONVERSION = YES;
				CLANG_WARN_INT_CONVERSION = YES;
				CLANG_WARN_OBJC_ROOT_CLASS = YES_ERROR;
				CLANG_WARN_UNREACHABLE_CODE = YES;
				CLANG_WARN__DUPLICATE_METHOD_MATCH = YES;
				"CODE_SIGN_IDENTITY[sdk=iphoneos*]" = "iPhone Developer";
				COPY_PHASE_STRIP = NO;
				DEBUG_INFORMATION_FORMAT = dwarf;
				ENABLE_STRICT_OBJC_MSGSEND = YES;
				ENABLE_TESTABILITY = YES;
				GCC_C_LANGUAGE_STANDARD = gnu99;
				GCC_DYNAMIC_NO_PIC = NO;
				GCC_NO_COMMON_BLOCKS = YES;
				GCC_OPTIMIZATION_LEVEL = 0;
				GCC_PREPROCESSOR_DEFINITIONS = (
					"DEBUG=1",
					"$(inherited)",
				);
				GCC_WARN_64_TO_32_BIT_CONVERSION = YES;
				GCC_WARN_ABOUT_RETURN_TYPE = YES_ERROR;
				GCC_WARN_UNDECLARED_SELECTOR = YES;
				GCC_WARN_UNINITIALIZED_AUTOS = YES_AGGRESSIVE;
				GCC_WARN_UNUSED_FUNCTION = YES;
				GCC_WARN_UNUSED_VARIABLE = YES;
				IPHONEOS_DEPLOYMENT_TARGET = 9.3;
				MTL_ENABLE_DEBUG_INFO = YES;
				ONLY_ACTIVE_ARCH = YES;
				SDKROOT = iphoneos;
				SWIFT_OPTIMIZATION_LEVEL = "-Onone";
				TARGETED_DEVICE_FAMILY = "1,2";
			};
			name = Debug;
		};
		B9C0A5551CC9E0FB00E30EF1 /* Release */ = {
			isa = XCBuildConfiguration;
			buildSettings = {
				ALWAYS_SEARCH_USER_PATHS = NO;
				CLANG_ANALYZER_NONNULL = YES;
				CLANG_CXX_LANGUAGE_STANDARD = "gnu++0x";
				CLANG_CXX_LIBRARY = "libc++";
				CLANG_ENABLE_MODULES = YES;
				CLANG_ENABLE_OBJC_ARC = YES;
				CLANG_WARN_BOOL_CONVERSION = YES;
				CLANG_WARN_CONSTANT_CONVERSION = YES;
				CLANG_WARN_DIRECT_OBJC_ISA_USAGE = YES_ERROR;
				CLANG_WARN_EMPTY_BODY = YES;
				CLANG_WARN_ENUM_CONVERSION = YES;
				CLANG_WARN_INT_CONVERSION = YES;
				CLANG_WARN_OBJC_ROOT_CLASS = YES_ERROR;
				CLANG_WARN_UNREACHABLE_CODE = YES;
				CLANG_WARN__DUPLICATE_METHOD_MATCH = YES;
				"CODE_SIGN_IDENTITY[sdk=iphoneos*]" = "iPhone Developer";
				COPY_PHASE_STRIP = NO;
				DEBUG_INFORMATION_FORMAT = "dwarf-with-dsym";
				ENABLE_NS_ASSERTIONS = NO;
				ENABLE_STRICT_OBJC_MSGSEND = YES;
				GCC_C_LANGUAGE_STANDARD = gnu99;
				GCC_NO_COMMON_BLOCKS = YES;
				GCC_WARN_64_TO_32_BIT_CONVERSION = YES;
				GCC_WARN_ABOUT_RETURN_TYPE = YES_ERROR;
				GCC_WARN_UNDECLARED_SELECTOR = YES;
				GCC_WARN_UNINITIALIZED_AUTOS = YES_AGGRESSIVE;
				GCC_WARN_UNUSED_FUNCTION = YES;
				GCC_WARN_UNUSED_VARIABLE = YES;
				IPHONEOS_DEPLOYMENT_TARGET = 9.3;
				MTL_ENABLE_DEBUG_INFO = NO;
				SDKROOT = iphoneos;
				TARGETED_DEVICE_FAMILY = "1,2";
				VALIDATE_PRODUCT = YES;
			};
			name = Release;
		};
		B9C0A5571CC9E0FB00E30EF1 /* Debug */ = {
			isa = XCBuildConfiguration;
			baseConfigurationReference = 81866433A10A031594ED900A /* Pods-ios_instagram.debug.xcconfig */;
			buildSettings = {
				ASSETCATALOG_COMPILER_APPICON_NAME = AppIcon;
				CODE_SIGN_IDENTITY = "iPhone Developer";
				"CODE_SIGN_IDENTITY[sdk=iphoneos*]" = "iPhone Developer";
				INFOPLIST_FILE = ios_instagram/Info.plist;
				LD_RUNPATH_SEARCH_PATHS = "$(inherited) @executable_path/Frameworks";
				PRODUCT_BUNDLE_IDENTIFIER = "com.nextacademy.ios-instagram";
				PRODUCT_NAME = "$(TARGET_NAME)";
				PROVISIONING_PROFILE = "";
			};
			name = Debug;
		};
		B9C0A5581CC9E0FB00E30EF1 /* Release */ = {
			isa = XCBuildConfiguration;
			baseConfigurationReference = ED0698F7865D8F2BEDCD1407 /* Pods-ios_instagram.release.xcconfig */;
			buildSettings = {
				ASSETCATALOG_COMPILER_APPICON_NAME = AppIcon;
				CODE_SIGN_IDENTITY = "iPhone Developer";
				"CODE_SIGN_IDENTITY[sdk=iphoneos*]" = "iPhone Developer";
				INFOPLIST_FILE = ios_instagram/Info.plist;
				LD_RUNPATH_SEARCH_PATHS = "$(inherited) @executable_path/Frameworks";
				PRODUCT_BUNDLE_IDENTIFIER = "com.nextacademy.ios-instagram";
				PRODUCT_NAME = "$(TARGET_NAME)";
				PROVISIONING_PROFILE = "";
			};
			name = Release;
		};
/* End XCBuildConfiguration section */

/* Begin XCConfigurationList section */
		B9C0A53F1CC9E0FB00E30EF1 /* Build configuration list for PBXProject "ios_instagram" */ = {
			isa = XCConfigurationList;
			buildConfigurations = (
				B9C0A5541CC9E0FB00E30EF1 /* Debug */,
				B9C0A5551CC9E0FB00E30EF1 /* Release */,
			);
			defaultConfigurationIsVisible = 0;
			defaultConfigurationName = Release;
		};
		B9C0A5561CC9E0FB00E30EF1 /* Build configuration list for PBXNativeTarget "ios_instagram" */ = {
			isa = XCConfigurationList;
			buildConfigurations = (
				B9C0A5571CC9E0FB00E30EF1 /* Debug */,
				B9C0A5581CC9E0FB00E30EF1 /* Release */,
			);
			defaultConfigurationIsVisible = 0;
			defaultConfigurationName = Release;
		};
/* End XCConfigurationList section */
	};
	rootObject = B9C0A53C1CC9E0FB00E30EF1 /* Project object */;
}
